<?xml version="1.0" encoding="utf-8"?>
<Project ToolsVersion="4.0" xmlns="http://schemas.microsoft.com/developer/msbuild/2003">
  <ItemGroup>
    <Filter Include="Source Files">
      <UniqueIdentifier>{8e3f7268-3d41-49b9-a590-e87b3f8fdaa6}</UniqueIdentifier>
      <Extensions>cpp;c;cxx;def;odl;idl;hpj;bat;asm</Extensions>
    </Filter>
    <Filter Include="Header Files">
      <UniqueIdentifier>{15a85e42-7a72-4732-83aa-5c0b223d7b64}</UniqueIdentifier>
      <Extensions>h;hpp;hxx;hm;inl;inc</Extensions>
    </Filter>
    <Filter Include="Resource Files">
      <UniqueIdentifier>{a8ca7910-aee7-40da-a9bf-2d9cac481452}</UniqueIdentifier>
      <Extensions>rc;ico;cur;bmp;dlg;rc2;rct;bin;rgs;jpg;jpeg;jpe;manifest</Extensions>
    </Filter>
    <Filter Include="Resource Files\Icons">
      <UniqueIdentifier>{c6f711aa-1c14-4907-bc95-ac76007e4f70}</UniqueIdentifier>
    </Filter>
    <Filter Include="Helpers">
      <UniqueIdentifier>{05fd5740-3db0-4db9-9320-60cfe26af4be}</UniqueIdentifier>
    </Filter>
    <Filter Include="Dialogs">
      <UniqueIdentifier>{1588d934-6c0c-413b-aed1-0e05d76865ae}</UniqueIdentifier>
    </Filter>
    <Filter Include="Views">
      <UniqueIdentifier>{ee4c9a95-06fc-4baa-983a-da8286275dba}</UniqueIdentifier>
    </Filter>
  </ItemGroup>
  <ItemGroup>
    <ClCompile Include="pch.cpp">
      <Filter>Source Files</Filter>
    </ClCompile>
    <ClCompile Include="DbgPrint.cpp">
      <Filter>Source Files</Filter>
    </ClCompile>
    <ClCompile Include="MainFrm.cpp">
      <Filter>Source Files</Filter>
    </ClCompile>
    <ClCompile Include="UserModeDebugOutput.cpp">
      <Filter>Source Files</Filter>
    </ClCompile>
    <ClCompile Include="ImageIconCache.cpp">
      <Filter>Source Files</Filter>
    </ClCompile>
    <ClCompile Include="SecurityHelper.cpp">
      <Filter>Helpers</Filter>
    </ClCompile>
    <ClCompile Include="AppSettings.cpp">
      <Filter>Source Files</Filter>
    </ClCompile>
    <ClCompile Include="KernelModeDebugOutput.cpp">
      <Filter>Source Files</Filter>
    </ClCompile>
    <ClCompile Include="ProcessManager.cpp">
      <Filter>Helpers</Filter>
    </ClCompile>
    <ClCompile Include="Helpers.cpp">
      <Filter>Helpers</Filter>
    </ClCompile>
    <ClCompile Include="DebugOutputBase.cpp">
      <Filter>Source Files</Filter>
    </ClCompile>
    <ClCompile Include="AboutDlg.cpp">
      <Filter>Dialogs</Filter>
    </ClCompile>
    <ClCompile Include="PropertiesDlg.cpp">
      <Filter>Dialogs</Filter>
    </ClCompile>
    <ClCompile Include="CommentDlg.cpp">
      <Filter>Dialogs</Filter>
    </ClCompile>
    <ClCompile Include="DebugView.cpp">
      <Filter>Views</Filter>
    </ClCompile>
    <ClCompile Include="DebugLogPersist.cpp">
      <Filter>Source Files</Filter>
    </ClCompile>
    <ClCompile Include="Interfaces.cpp">
      <Filter>Source Files</Filter>
    </ClCompile>
  </ItemGroup>
  <ItemGroup>
    <ClInclude Include="pch.h">
      <Filter>Header Files</Filter>
    </ClInclude>
    <ClInclude Include="MainFrm.h">
      <Filter>Header Files</Filter>
    </ClInclude>
    <ClInclude Include="DebugOutputBase.h">
      <Filter>Header Files</Filter>
    </ClInclude>
    <ClInclude Include="UserModeDebugOutput.h">
      <Filter>Header Files</Filter>
    </ClInclude>
    <ClInclude Include="ImageIconCache.h">
      <Filter>Header Files</Filter>
    </ClInclude>
    <ClInclude Include="resource.h">
      <Filter>Resource Files</Filter>
    </ClInclude>
    <ClInclude Include="SecurityHelper.h">
      <Filter>Helpers</Filter>
    </ClInclude>
    <ClInclude Include="AppSettings.h">
      <Filter>Header Files</Filter>
    </ClInclude>
    <ClInclude Include="KernelModeDebugOutput.h">
      <Filter>Header Files</Filter>
    </ClInclude>
    <ClInclude Include="ProcessManager.h">
      <Filter>Helpers</Filter>
    </ClInclude>
    <ClInclude Include="Helpers.h">
      <Filter>Helpers</Filter>
    </ClInclude>
    <ClInclude Include="AboutDlg.h">
      <Filter>Dialogs</Filter>
    </ClInclude>
    <ClInclude Include="PropertiesDlg.h">
      <Filter>Dialogs</Filter>
    </ClInclude>
    <ClInclude Include="Interfaces.h">
      <Filter>Header Files</Filter>
    </ClInclude>
    <ClInclude Include="CommentDlg.h">
      <Filter>Dialogs</Filter>
    </ClInclude>
    <ClInclude Include="DebugView.h">
      <Filter>Views</Filter>
    </ClInclude>
    <ClInclude Include="DebugLogPersist.h">
      <Filter>Header Files</Filter>
    </ClInclude>
  </ItemGroup>
  <ItemGroup>
    <None Include="packages.config" />
  </ItemGroup>
  <ItemGroup>
    <Image Include="res\DbgPrint.ico">
      <Filter>Resource Files\Icons</Filter>
    </Image>
    <Image Include="res\autoscroll.ico">
      <Filter>Resource Files\Icons</Filter>
    </Image>
    <Image Include="res\cancel.ico">
      <Filter>Resource Files\Icons</Filter>
    </Image>
    <Image Include="res\copy.ico">
      <Filter>Resource Files\Icons</Filter>
    </Image>
    <Image Include="res\filter.ico">
      <Filter>Resource Files\Icons</Filter>
    </Image>
    <Image Include="res\find.ico">
      <Filter>Resource Files\Icons</Filter>
    </Image>
    <Image Include="res\letter-k.ico">
      <Filter>Resource Files\Icons</Filter>
    </Image>
    <Image Include="res\ok.ico">
      <Filter>Resource Files\Icons</Filter>
    </Image>
    <Image Include="res\Play.ico">
      <Filter>Resource Files\Icons</Filter>
    </Image>
    <Image Include="res\save_as.ico">
      <Filter>Resource Files\Icons</Filter>
    </Image>
    <Image Include="res\Stop.ico">
      <Filter>Resource Files\Icons</Filter>
    </Image>
    <Image Include="res\file_script.ico">
      <Filter>Resource Files\Icons</Filter>
    </Image>
    <Image Include="res\script.ico">
      <Filter>Resource Files\Icons</Filter>
    </Image>
    <Image Include="res\open.ico">
      <Filter>Resource Files\Icons</Filter>
    </Image>
    <Image Include="res\app.ico">
      <Filter>Resource Files\Icons</Filter>
    </Image>
    <Image Include="res\app0.ico">
      <Filter>Resource Files\Icons</Filter>
    </Image>
    <Image Include="res\atom.ico">
      <Filter>Resource Files\Icons</Filter>
    </Image>
    <Image Include="res\erase.ico">
      <Filter>Resource Files\Icons</Filter>
    </Image>
    <Image Include="res\letter-u.ico">
      <Filter>Resource Files\Icons</Filter>
    </Image>
    <Image Include="res\comment.ico">
      <Filter>Resource Files\Icons</Filter>
    </Image>
    <Image Include="res\bookmark.ico">
      <Filter>Resource Files\Icons</Filter>
    </Image>
    <Image Include="res\bookmark-prev.ico">
      <Filter>Resource Files\Icons</Filter>
    </Image>
    <Image Include="res\bookmark-next.ico">
      <Filter>Resource Files\Icons</Filter>
    </Image>
  </ItemGroup>
  <ItemGroup>
    <ResourceCompile Include="DbgPrint.rc">
      <Filter>Resource Files</Filter>
    </ResourceCompile>
  </ItemGroup>
  <ItemGroup>
    <Xml Include="manifest.xml" />
  </ItemGroup>
</Project>